
Microsoft Visual Studio Solution File, Format Version 12.00
# Visual Studio Version 17
VisualStudioVersion = 17.13.35828.75 d17.13
MinimumVisualStudioVersion = 10.0.40219.1
Project("{FAE04EC0-301F-11D3-BF4B-00C04F79EFBC}") = "IngenieriaWeb1", "IngenieriaWeb1.csproj", "{01D7CE93-224A-4D13-8E34-8E612534F376}"
EndProject
Global
	GlobalSection(SolutionConfigurationPlatforms) = preSolution
		Debug|Any CPU = Debug|Any CPU
		Release|Any CPU = Release|Any CPU
	EndGlobalSection
	GlobalSection(ProjectConfigurationPlatforms) = postSolution
		{01D7CE93-224A-4D13-8E34-8E612534F376}.Debug|Any CPU.ActiveCfg = Debug|Any CPU
		{01D7CE93-224A-4D13-8E34-8E612534F376}.Debug|Any CPU.Build.0 = Debug|Any CPU
		{01D7CE93-224A-4D13-8E34-8E612534F376}.Release|Any CPU.ActiveCfg = Release|Any CPU
		{01D7CE93-224A-4D13-8E34-8E612534F376}.Release|Any CPU.Build.0 = Release|Any CPU
	EndGlobalSection
	GlobalSection(SolutionProperties) = preSolution
		HideSolutionNode = FALSE
	EndGlobalSection
	GlobalSection(ExtensibilityGlobals) = postSolution
		SolutionGuid = {4A21CD6D-77DA-4816-887D-593B38DD8223}
	EndGlobalSection
EndGlobal
